Microsoft Visual Studio Solution File, Format Version 11.00
# Visual Studio 2010
Project("{F184B08F-C81C-45F6-A57F-5ABD9991F28F}") = "E5053", "E5053\E5053.vbproj", "{548AF25E-95F8-4A8C-928B-F59D63203781}"
EndProject
Global
	GlobalSection(SolutionConfigurationPlatforms) = preSolution
		Debug|Any CPU = Debug|Any CPU
		Release|Any CPU = Release|Any CPU
	EndGlobalSection
	GlobalSection(ProjectConfigurationPlatforms) = postSolution
		{548AF25E-95F8-4A8C-928B-F59D63203781}.Debug|Any CPU.ActiveCfg = Debug|Any CPU
		{548AF25E-95F8-4A8C-928B-F59D63203781}.Debug|Any CPU.Build.0 = Debug|Any CPU
		{548AF25E-95F8-4A8C-928B-F59D63203781}.Release|Any CPU.ActiveCfg = Release|Any CPU
		{548AF25E-95F8-4A8C-928B-F59D63203781}.Release|Any CPU.Build.0 = Release|Any CPU
	EndGlobalSection
	GlobalSection(SolutionProperties) = preSolution
		HideSolutionNode = FALSE
	EndGlobalSection
EndGlobal
